# This file is automatically @generated by Poetry 1.5.1 and should not be changed by hand.

[[package]]
name = "jason"
version = "0.1.7"
description = "Lightweight helpers for views returning json data in Django."
optional = false
python-versions = "*"
files = [
    {file = "jason-0.1.7.tar.gz", hash = "sha256:ebb3a47bba158161488ee8ca80f927487b0b3261f80a235f4130bcf438eea454"},
]

[[package]]
name = "pyperclip"
version = "1.8.2"
description = "A cross-platform clipboard module for Python. (Only handles plain text for now.)"
optional = false
python-versions = "*"
files = [
    {file = "pyperclip-1.8.2.tar.gz", hash = "sha256:105254a8b04934f0bc84e9c24eb360a591aaf6535c9def5f29d92af107a9bf57"},
]

[metadata]
lock-version = "2.0"
python-versions = ">=3.10.0,<3.11"
content-hash = "b8c61aa17076630226af81239c50b3090012c0edceb90f61c164d05ea85d2590"
